// !$*UTF8*$!
{
	archiveVersion = 1;
	classes = {
	};
	objectVersion = 56;
	objects = {

/* Begin PBXBuildFile section */
		8F08C9B52A4D8D10001CCD82 /* HoopsConnectApp.swift in Sources */ = {isa = PBXBuildFile; fileRef = 8F08C9B42A4D8D10001CCD82 /* HoopsConnectApp.swift */; };
		8F08C9B72A4D8D10001CCD82 /* ContentView.swift in Sources */ = {isa = PBXBuildFile; fileRef = 8F08C9B62A4D8D10001CCD82 /* ContentView.swift */; };
		8F08C9B92A4D8D11001CCD82 /* Assets.xcassets in Resources */ = {isa = PBXBuildFile; fileRef = 8F08C9B82A4D8D11001CCD82 /* Assets.xcassets */; };
		8F08C9BC2A4D8D11001CCD82 /* Preview Assets.xcassets in Resources */ = {isa = PBXBuildFile; fileRef = 8F08C9BB2A4D8D11001CCD82 /* Preview Assets.xcassets */; };
		8F65A0F22A4D93D100368D16 /* swiftlint in Frameworks */ = {isa = PBXBuildFile; productRef = 8F65A0F12A4D93D100368D16 /* swiftlint */; };
/* End PBXBuildFile section */

/* Begin PBXFileReference section */
		8F08C9B12A4D8D10001CCD82 /* hoops-connect-app.app */ = {isa = PBXFileReference; explicitFileType = wrapper.application; includeInIndex = 0; path = "hoops-connect-app.app"; sourceTree = BUILT_PRODUCTS_DIR; };
		8F08C9B42A4D8D10001CCD82 /* HoopsConnectApp.swift */ = {isa = PBXFileReference; lastKnownFileType = sourcecode.swift; path = HoopsConnectApp.swift; sourceTree = "<group>"; };
		8F08C9B62A4D8D10001CCD82 /* ContentView.swift */ = {isa = PBXFileReference; lastKnownFileType = sourcecode.swift; path = ContentView.swift; sourceTree = "<group>"; };
		8F08C9B82A4D8D11001CCD82 /* Assets.xcassets */ = {isa = PBXFileReference; lastKnownFileType = folder.assetcatalog; path = Assets.xcassets; sourceTree = "<group>"; };
		8F08C9BB2A4D8D11001CCD82 /* Preview Assets.xcassets */ = {isa = PBXFileReference; lastKnownFileType = folder.assetcatalog; path = "Preview Assets.xcassets"; sourceTree = "<group>"; };
/* End PBXFileReference section */

/* Begin PBXFrameworksBuildPhase section */
		8F08C9AE2A4D8D10001CCD82 /* Frameworks */ = {
			isa = PBXFrameworksBuildPhase;
			buildActionMask = 2147483647;
			files = (
				8F65A0F22A4D93D100368D16 /* swiftlint in Frameworks */,
			);
			runOnlyForDeploymentPostprocessing = 0;
		};
/* End PBXFrameworksBuildPhase section */

/* Begin PBXGroup section */
		8F08C9A82A4D8D10001CCD82 = {
			isa = PBXGroup;
			children = (
				8F08C9B32A4D8D10001CCD82 /* hoops-connect-app */,
				8F08C9B22A4D8D10001CCD82 /* Products */,
			);
			sourceTree = "<group>";
		};
		8F08C9B22A4D8D10001CCD82 /* Products */ = {
			isa = PBXGroup;
			children = (
				8F08C9B12A4D8D10001CCD82 /* hoops-connect-app.app */,
			);
			name = Products;
			sourceTree = "<group>";
		};
		8F08C9B32A4D8D10001CCD82 /* hoops-connect-app */ = {
			isa = PBXGroup;
			children = (
				8F08C9C62A4D8E28001CCD82 /* Applications */,
				8F08C9C52A4D8E00001CCD82 /* Views */,
				8F08C9C42A4D8DF4001CCD82 /* Models */,
				8F08C9C32A4D8DD8001CCD82 /* Services */,
				8F08C9C22A4D8DC9001CCD82 /* Utils */,
				8F08C9BA2A4D8D11001CCD82 /* Preview Content */,
			);
			path = "hoops-connect-app";
			sourceTree = "<group>";
		};
		8F08C9BA2A4D8D11001CCD82 /* Preview Content */ = {
			isa = PBXGroup;
			children = (
				8F08C9BB2A4D8D11001CCD82 /* Preview Assets.xcassets */,
			);
			path = "Preview Content";
			sourceTree = "<group>";
		};
		8F08C9C22A4D8DC9001CCD82 /* Utils */ = {
			isa = PBXGroup;
			children = (
			);
			path = Utils;
			sourceTree = "<group>";
		};
		8F08C9C32A4D8DD8001CCD82 /* Services */ = {
			isa = PBXGroup;
			children = (
			);
			path = Services;
			sourceTree = "<group>";
		};
		8F08C9C42A4D8DF4001CCD82 /* Models */ = {
			isa = PBXGroup;
			children = (
			);
			path = Models;
			sourceTree = "<group>";
		};
		8F08C9C52A4D8E00001CCD82 /* Views */ = {
			isa = PBXGroup;
			children = (
				8F08C9B62A4D8D10001CCD82 /* ContentView.swift */,
			);
			path = Views;
			sourceTree = "<group>";
		};
		8F08C9C62A4D8E28001CCD82 /* Applications */ = {
			isa = PBXGroup;
			children = (
				8F08C9B42A4D8D10001CCD82 /* HoopsConnectApp.swift */,
				8F08C9B82A4D8D11001CCD82 /* Assets.xcassets */,
			);
			path = Applications;
			sourceTree = "<group>";
		};
/* End PBXGroup section */

/* Begin PBXNativeTarget section */
		8F08C9B02A4D8D10001CCD82 /* hoops-connect-app */ = {
			isa = PBXNativeTarget;
			buildConfigurationList = 8F08C9BF2A4D8D11001CCD82 /* Build configuration list for PBXNativeTarget "hoops-connect-app" */;
			buildPhases = (
				8F08C9AD2A4D8D10001CCD82 /* Sources */,
				8F08C9AE2A4D8D10001CCD82 /* Frameworks */,
				8F08C9AF2A4D8D10001CCD82 /* Resources */,
			);
			buildRules = (
			);
			dependencies = (
			);
			name = "hoops-connect-app";
			packageProductDependencies = (
				8F65A0F12A4D93D100368D16 /* swiftlint */,
			);
			productName = "hoops-connect-app";
			productReference = 8F08C9B12A4D8D10001CCD82 /* hoops-connect-app.app */;
			productType = "com.apple.product-type.application";
		};
/* End PBXNativeTarget section */

/* Begin PBXProject section */
		8F08C9A92A4D8D10001CCD82 /* Project object */ = {
			isa = PBXProject;
			attributes = {
				BuildIndependentTargetsInParallel = 1;
				LastSwiftUpdateCheck = 1410;
				LastUpgradeCheck = 1410;
				TargetAttributes = {
					8F08C9B02A4D8D10001CCD82 = {
						CreatedOnToolsVersion = 14.1;
					};
				};
			};
			buildConfigurationList = 8F08C9AC2A4D8D10001CCD82 /* Build configuration list for PBXProject "hoops-connect-app" */;
			compatibilityVersion = "Xcode 14.0";
			developmentRegion = en;
			hasScannedForEncodings = 0;
			knownRegions = (
				en,
				Base,
			);
			mainGroup = 8F08C9A82A4D8D10001CCD82;
			packageReferences = (
				8F65A0F02A4D93D100368D16 /* XCRemoteSwiftPackageReference "SwiftLint" */,
			);
			productRefGroup = 8F08C9B22A4D8D10001CCD82 /* Products */;
			projectDirPath = "";
			projectRoot = "";
			targets = (
				8F08C9B02A4D8D10001CCD82 /* hoops-connect-app */,
			);
		};
/* End PBXProject section */

/* Begin PBXResourcesBuildPhase section */
		8F08C9AF2A4D8D10001CCD82 /* Resources */ = {
			isa = PBXResourcesBuildPhase;
			buildActionMask = 2147483647;
			files = (
				8F08C9BC2A4D8D11001CCD82 /* Preview Assets.xcassets in Resources */,
				8F08C9B92A4D8D11001CCD82 /* Assets.xcassets in Resources */,
			);
			runOnlyForDeploymentPostprocessing = 0;
		};
/* End PBXResourcesBuildPhase section */

/* Begin PBXSourcesBuildPhase section */
		8F08C9AD2A4D8D10001CCD82 /* Sources */ = {
			isa = PBXSourcesBuildPhase;
			buildActionMask = 2147483647;
			files = (
				8F08C9B72A4D8D10001CCD82 /* ContentView.swift in Sources */,
				8F08C9B52A4D8D10001CCD82 /* HoopsConnectApp.swift in Sources */,
			);
			runOnlyForDeploymentPostprocessing = 0;
		};
/* End PBXSourcesBuildPhase section */

/* Begin XCBuildConfiguration section */
		8F08C9BD2A4D8D11001CCD82 /* Debug */ = {
			isa = XCBuildConfiguration;
			buildSettings = {
				ALWAYS_SEARCH_USER_PATHS = NO;
				CLANG_ANALYZER_NONNULL = YES;
				CLANG_ANALYZER_NUMBER_OBJECT_CONVERSION = YES_AGGRESSIVE;
				CLANG_CXX_LANGUAGE_STANDARD = "gnu++20";
				CLANG_ENABLE_MODULES = YES;
				CLANG_ENABLE_OBJC_ARC = YES;
				CLANG_ENABLE_OBJC_WEAK = YES;
				CLANG_WARN_BLOCK_CAPTURE_AUTORELEASING = YES;
				CLANG_WARN_BOOL_CONVERSION = YES;
				CLANG_WARN_COMMA = YES;
				CLANG_WARN_CONSTANT_CONVERSION = YES;
				CLANG_WARN_DEPRECATED_OBJC_IMPLEMENTATIONS = YES;
				CLANG_WARN_DIRECT_OBJC_ISA_USAGE = YES_ERROR;
				CLANG_WARN_DOCUMENTATION_COMMENTS = YES;
				CLANG_WARN_EMPTY_BODY = YES;
				CLANG_WARN_ENUM_CONVERSION = YES;
				CLANG_WARN_INFINITE_RECURSION = YES;
				CLANG_WARN_INT_CONVERSION = YES;
				CLANG_WARN_NON_LITERAL_NULL_CONVERSION = YES;
				CLANG_WARN_OBJC_IMPLICIT_RETAIN_SELF = YES;
				CLANG_WARN_OBJC_LITERAL_CONVERSION = YES;
				CLANG_WARN_OBJC_ROOT_CLASS = YES_ERROR;
				CLANG_WARN_QUOTED_INCLUDE_IN_FRAMEWORK_HEADER = YES;
				CLANG_WARN_RANGE_LOOP_ANALYSIS = YES;
				CLANG_WARN_STRICT_PROTOTYPES = YES;
				CLANG_WARN_SUSPICIOUS_MOVE = YES;
				CLANG_WARN_UNGUARDED_AVAILABILITY = YES_AGGRESSIVE;
				CLANG_WARN_UNREACHABLE_CODE = YES;
				CLANG_WARN__DUPLICATE_METHOD_MATCH = YES;
				COPY_PHASE_STRIP = NO;
				DEBUG_INFORMATION_FORMAT = dwarf;
				ENABLE_STRICT_OBJC_MSGSEND = YES;
				ENABLE_TESTABILITY = YES;
				GCC_C_LANGUAGE_STANDARD = gnu11;
				GCC_DYNAMIC_NO_PIC = NO;
				GCC_NO_COMMON_BLOCKS = YES;
				GCC_OPTIMIZATION_LEVEL = 0;
				GCC_PREPROCESSOR_DEFINITIONS = (
					"DEBUG=1",
					"$(inherited)",
				);
				GCC_WARN_64_TO_32_BIT_CONVERSION = YES;
				GCC_WARN_ABOUT_RETURN_TYPE = YES_ERROR;
				GCC_WARN_UNDECLARED_SELECTOR = YES;
				GCC_WARN_UNINITIALIZED_AUTOS = YES_AGGRESSIVE;
				GCC_WARN_UNUSED_FUNCTION = YES;
				GCC_WARN_UNUSED_VARIABLE = YES;
				IPHONEOS_DEPLOYMENT_TARGET = 16.1;
				MTL_ENABLE_DEBUG_INFO = INCLUDE_SOURCE;
				MTL_FAST_MATH = YES;
				ONLY_ACTIVE_ARCH = YES;
				SDKROOT = iphoneos;
				SWIFT_ACTIVE_COMPILATION_CONDITIONS = DEBUG;
				SWIFT_OPTIMIZATION_LEVEL = "-Onone";
			};
			name = Debug;
		};
		8F08C9BE2A4D8D11001CCD82 /* Release */ = {
			isa = XCBuildConfiguration;
			buildSettings = {
				ALWAYS_SEARCH_USER_PATHS = NO;
				CLANG_ANALYZER_NONNULL = YES;
				CLANG_ANALYZER_NUMBER_OBJECT_CONVERSION = YES_AGGRESSIVE;
				CLANG_CXX_LANGUAGE_STANDARD = "gnu++20";
				CLANG_ENABLE_MODULES = YES;
				CLANG_ENABLE_OBJC_ARC = YES;
				CLANG_ENABLE_OBJC_WEAK = YES;
				CLANG_WARN_BLOCK_CAPTURE_AUTORELEASING = YES;
				CLANG_WARN_BOOL_CONVERSION = YES;
				CLANG_WARN_COMMA = YES;
				CLANG_WARN_CONSTANT_CONVERSION = YES;
				CLANG_WARN_DEPRECATED_OBJC_IMPLEMENTATIONS = YES;
				CLANG_WARN_DIRECT_OBJC_ISA_USAGE = YES_ERROR;
				CLANG_WARN_DOCUMENTATION_COMMENTS = YES;
				CLANG_WARN_EMPTY_BODY = YES;
				CLANG_WARN_ENUM_CONVERSION = YES;
				CLANG_WARN_INFINITE_RECURSION = YES;
				CLANG_WARN_INT_CONVERSION = YES;
				CLANG_WARN_NON_LITERAL_NULL_CONVERSION = YES;
				CLANG_WARN_OBJC_IMPLICIT_RETAIN_SELF = YES;
				CLANG_WARN_OBJC_LITERAL_CONVERSION = YES;
				CLANG_WARN_OBJC_ROOT_CLASS = YES_ERROR;
				CLANG_WARN_QUOTED_INCLUDE_IN_FRAMEWORK_HEADER = YES;
				CLANG_WARN_RANGE_LOOP_ANALYSIS = YES;
				CLANG_WARN_STRICT_PROTOTYPES = YES;
				CLANG_WARN_SUSPICIOUS_MOVE = YES;
				CLANG_WARN_UNGUARDED_AVAILABILITY = YES_AGGRESSIVE;
				CLANG_WARN_UNREACHABLE_CODE = YES;
				CLANG_WARN__DUPLICATE_METHOD_MATCH = YES;
				COPY_PHASE_STRIP = NO;
				DEBUG_INFORMATION_FORMAT = "dwarf-with-dsym";
				ENABLE_NS_ASSERTIONS = NO;
				ENABLE_STRICT_OBJC_MSGSEND = YES;
				GCC_C_LANGUAGE_STANDARD = gnu11;
				GCC_NO_COMMON_BLOCKS = YES;
				GCC_WARN_64_TO_32_BIT_CONVERSION = YES;
				GCC_WARN_ABOUT_RETURN_TYPE = YES_ERROR;
				GCC_WARN_UNDECLARED_SELECTOR = YES;
				GCC_WARN_UNINITIALIZED_AUTOS = YES_AGGRESSIVE;
				GCC_WARN_UNUSED_FUNCTION = YES;
				GCC_WARN_UNUSED_VARIABLE = YES;
				IPHONEOS_DEPLOYMENT_TARGET = 16.1;
				MTL_ENABLE_DEBUG_INFO = NO;
				MTL_FAST_MATH = YES;
				SDKROOT = iphoneos;
				SWIFT_COMPILATION_MODE = wholemodule;
				SWIFT_OPTIMIZATION_LEVEL = "-O";
				VALIDATE_PRODUCT = YES;
			};
			name = Release;
		};
		8F08C9C02A4D8D11001CCD82 /* Debug */ = {
			isa = XCBuildConfiguration;
			buildSettings = {
				ASSETCATALOG_COMPILER_APPICON_NAME = AppIcon;
				ASSETCATALOG_COMPILER_GLOBAL_ACCENT_COLOR_NAME = AccentColor;
				CODE_SIGN_STYLE = Automatic;
				CURRENT_PROJECT_VERSION = 1;
				DEVELOPMENT_ASSET_PATHS = "\"hoops-connect-app/Preview Content\"";
				DEVELOPMENT_TEAM = V89TG33T3A;
				ENABLE_PREVIEWS = YES;
				GENERATE_INFOPLIST_FILE = YES;
				INFOPLIST_KEY_UIApplicationSceneManifest_Generation = YES;
				INFOPLIST_KEY_UIApplicationSupportsIndirectInputEvents = YES;
				INFOPLIST_KEY_UILaunchScreen_Generation = YES;
				INFOPLIST_KEY_UISupportedInterfaceOrientations_iPad = "UIInterfaceOrientationPortrait UIInterfaceOrientationPortraitUpsideDown UIInterfaceOrientationLandscapeLeft UIInterfaceOrientationLandscapeRight";
				INFOPLIST_KEY_UISupportedInterfaceOrientations_iPhone = "UIInterfaceOrientationPortrait UIInterfaceOrientationLandscapeLeft UIInterfaceOrientationLandscapeRight";
				LD_RUNPATH_SEARCH_PATHS = (
					"$(inherited)",
					"@executable_path/Frameworks",
				);
				MARKETING_VERSION = 1.0;
				PRODUCT_BUNDLE_IDENTIFIER = "com.organization.hoops-connect-app";
				PRODUCT_NAME = "$(TARGET_NAME)";
				SWIFT_EMIT_LOC_STRINGS = YES;
				SWIFT_VERSION = 5.0;
				TARGETED_DEVICE_FAMILY = "1,2";
			};
			name = Debug;
		};
		8F08C9C12A4D8D11001CCD82 /* Release */ = {
			isa = XCBuildConfiguration;
			buildSettings = {
				ASSETCATALOG_COMPILER_APPICON_NAME = AppIcon;
				ASSETCATALOG_COMPILER_GLOBAL_ACCENT_COLOR_NAME = AccentColor;
				CODE_SIGN_STYLE = Automatic;
				CURRENT_PROJECT_VERSION = 1;
				DEVELOPMENT_ASSET_PATHS = "\"hoops-connect-app/Preview Content\"";
				DEVELOPMENT_TEAM = V89TG33T3A;
				ENABLE_PREVIEWS = YES;
				GENERATE_INFOPLIST_FILE = YES;
				INFOPLIST_KEY_UIApplicationSceneManifest_Generation = YES;
				INFOPLIST_KEY_UIApplicationSupportsIndirectInputEvents = YES;
				INFOPLIST_KEY_UILaunchScreen_Generation = YES;
				INFOPLIST_KEY_UISupportedInterfaceOrientations_iPad = "UIInterfaceOrientationPortrait UIInterfaceOrientationPortraitUpsideDown UIInterfaceOrientationLandscapeLeft UIInterfaceOrientationLandscapeRight";
				INFOPLIST_KEY_UISupportedInterfaceOrientations_iPhone = "UIInterfaceOrientationPortrait UIInterfaceOrientationLandscapeLeft UIInterfaceOrientationLandscapeRight";
				LD_RUNPATH_SEARCH_PATHS = (
					"$(inherited)",
					"@executable_path/Frameworks",
				);
				MARKETING_VERSION = 1.0;
				PRODUCT_BUNDLE_IDENTIFIER = "com.organization.hoops-connect-app";
				PRODUCT_NAME = "$(TARGET_NAME)";
				SWIFT_EMIT_LOC_STRINGS = YES;
				SWIFT_VERSION = 5.0;
				TARGETED_DEVICE_FAMILY = "1,2";
			};
			name = Release;
		};
/* End XCBuildConfiguration section */

/* Begin XCConfigurationList section */
		8F08C9AC2A4D8D10001CCD82 /* Build configuration list for PBXProject "hoops-connect-app" */ = {
			isa = XCConfigurationList;
			buildConfigurations = (
				8F08C9BD2A4D8D11001CCD82 /* Debug */,
				8F08C9BE2A4D8D11001CCD82 /* Release */,
			);
			defaultConfigurationIsVisible = 0;
			defaultConfigurationName = Release;
		};
		8F08C9BF2A4D8D11001CCD82 /* Build configuration list for PBXNativeTarget "hoops-connect-app" */ = {
			isa = XCConfigurationList;
			buildConfigurations = (
				8F08C9C02A4D8D11001CCD82 /* Debug */,
				8F08C9C12A4D8D11001CCD82 /* Release */,
			);
			defaultConfigurationIsVisible = 0;
			defaultConfigurationName = Release;
		};
/* End XCConfigurationList section */

/* Begin XCRemoteSwiftPackageReference section */
		8F65A0F02A4D93D100368D16 /* XCRemoteSwiftPackageReference "SwiftLint" */ = {
			isa = XCRemoteSwiftPackageReference;
			repositoryURL = "https://github.com/realm/SwiftLint.git";
			requirement = {
				branch = main;
				kind = branch;
			};
		};
/* End XCRemoteSwiftPackageReference section */

/* Begin XCSwiftPackageProductDependency section */
		8F65A0F12A4D93D100368D16 /* swiftlint */ = {
			isa = XCSwiftPackageProductDependency;
			package = 8F65A0F02A4D93D100368D16 /* XCRemoteSwiftPackageReference "SwiftLint" */;
			productName = swiftlint;
		};
/* End XCSwiftPackageProductDependency section */
	};
	rootObject = 8F08C9A92A4D8D10001CCD82 /* Project object */;
}
