// !$*UTF8*$!
{
	archiveVersion = 1;
	classes = {
	};
	objectVersion = 56;
	objects = {

/* Begin PBXBuildFile section */
		8F08C9B52A4D8D10001CCD82 /* HoopsConnectApp.swift in Sources */ = {isa = PBXBuildFile; fileRef = 8F08C9B42A4D8D10001CCD82 /* HoopsConnectApp.swift */; };
		8F08C9B72A4D8D10001CCD82 /* SplashScreen.swift in Sources */ = {isa = PBXBuildFile; fileRef = 8F08C9B62A4D8D10001CCD82 /* SplashScreen.swift */; };
		8F08C9B92A4D8D11001CCD82 /* Assets.xcassets in Resources */ = {isa = PBXBuildFile; fileRef = 8F08C9B82A4D8D11001CCD82 /* Assets.xcassets */; };
		8F08C9BC2A4D8D11001CCD82 /* Preview Assets.xcassets in Resources */ = {isa = PBXBuildFile; fileRef = 8F08C9BB2A4D8D11001CCD82 /* Preview Assets.xcassets */; };
		8F6AD05C2A4F5F930025536A /* CreationAccountView.swift in Sources */ = {isa = PBXBuildFile; fileRef = 8F6AD05B2A4F5F930025536A /* CreationAccountView.swift */; };
		8F6AD05E2A4F62F50025536A /* LoginAccountView.swift in Sources */ = {isa = PBXBuildFile; fileRef = 8F6AD05D2A4F62F50025536A /* LoginAccountView.swift */; };
		8F6AD0602A4F749D0025536A /* RoundedTextField.swift in Sources */ = {isa = PBXBuildFile; fileRef = 8F6AD05F2A4F749D0025536A /* RoundedTextField.swift */; };
		8FE35E4A2A52B5ED00097C54 /* CustomAlert.swift in Sources */ = {isa = PBXBuildFile; fileRef = 8FE35E492A52B5ED00097C54 /* CustomAlert.swift */; };
		8FE35E4C2A52BA5700097C54 /* SafeAreaInsets+EnvironmentValues.swift in Sources */ = {isa = PBXBuildFile; fileRef = 8FE35E4B2A52BA5700097C54 /* SafeAreaInsets+EnvironmentValues.swift */; };
		8FE35E4E2A52BDA800097C54 /* RoundedCorner+Shape.swift in Sources */ = {isa = PBXBuildFile; fileRef = 8FE35E4D2A52BDA800097C54 /* RoundedCorner+Shape.swift */; };
		8FE35E502A5309FA00097C54 /* LoginAccountViewModel.swift in Sources */ = {isa = PBXBuildFile; fileRef = 8FE35E4F2A5309FA00097C54 /* LoginAccountViewModel.swift */; };
		8FE35E562A535D5600097C54 /* UserService.swift in Sources */ = {isa = PBXBuildFile; fileRef = 8FE35E552A535D5600097C54 /* UserService.swift */; };
		8FE35E682A53663100097C54 /* RetroSwift in Frameworks */ = {isa = PBXBuildFile; productRef = 8FE35E672A53663100097C54 /* RetroSwift */; };
		8FE35E6B2A53753500097C54 /* APIData.swift in Sources */ = {isa = PBXBuildFile; fileRef = 8FE35E6A2A53753500097C54 /* APIData.swift */; };
		8FE35E6D2A53759F00097C54 /* UserModel.swift in Sources */ = {isa = PBXBuildFile; fileRef = 8FE35E6C2A53759F00097C54 /* UserModel.swift */; };
		8FE35E702A5375F500097C54 /* UserDTO.swift in Sources */ = {isa = PBXBuildFile; fileRef = 8FE35E6F2A5375F500097C54 /* UserDTO.swift */; };
		8FE35E732A5376C300097C54 /* Network+Extensions.swift in Sources */ = {isa = PBXBuildFile; fileRef = 8FE35E722A5376C300097C54 /* Network+Extensions.swift */; };
		8FE35E752A5376F300097C54 /* HTTPEndpoint.swift in Sources */ = {isa = PBXBuildFile; fileRef = 8FE35E742A5376F300097C54 /* HTTPEndpoint.swift */; };
		8FF1C0C82A4DAF9E0033DCBE /* FirebaseProvider.swift in Sources */ = {isa = PBXBuildFile; fileRef = 8FF1C0C72A4DAF9E0033DCBE /* FirebaseProvider.swift */; };
		8FF1C0CB2A4DAFFF0033DCBE /* FirebaseAuth in Frameworks */ = {isa = PBXBuildFile; productRef = 8FF1C0CA2A4DAFFF0033DCBE /* FirebaseAuth */; };
		8FF1C0CD2A4DB0330033DCBE /* FirebaseManager.swift in Sources */ = {isa = PBXBuildFile; fileRef = 8FF1C0CC2A4DB0330033DCBE /* FirebaseManager.swift */; };
		8FF1C0D12A4DB1CE0033DCBE /* GoogleService-Info.plist in Resources */ = {isa = PBXBuildFile; fileRef = 8FF1C0D02A4DB1CE0033DCBE /* GoogleService-Info.plist */; };
		8FF1C0D32A4DB2440033DCBE /* ApplicationState.swift in Sources */ = {isa = PBXBuildFile; fileRef = 8FF1C0D22A4DB2440033DCBE /* ApplicationState.swift */; };
		8FF1C0D62A4DB2E60033DCBE /* netfox in Frameworks */ = {isa = PBXBuildFile; productRef = 8FF1C0D52A4DB2E60033DCBE /* netfox */; };
		8FF1C0DA2A4DB36E0033DCBE /* APICallerError.swift in Sources */ = {isa = PBXBuildFile; fileRef = 8FF1C0D92A4DB36E0033DCBE /* APICallerError.swift */; };
		8FF1C0DC2A4DB4990033DCBE /* UserFirebaseModel.swift in Sources */ = {isa = PBXBuildFile; fileRef = 8FF1C0DB2A4DB4990033DCBE /* UserFirebaseModel.swift */; };
		8FF1C0DE2A4DB5E70033DCBE /* UserCreationError.swift in Sources */ = {isa = PBXBuildFile; fileRef = 8FF1C0DD2A4DB5E70033DCBE /* UserCreationError.swift */; };
		8FF1C0E32A4DB8CA0033DCBE /* AuthenticationView.swift in Sources */ = {isa = PBXBuildFile; fileRef = 8FF1C0E22A4DB8CA0033DCBE /* AuthenticationView.swift */; };
		8FF1C0E62A4DB8EF0033DCBE /* HomeView.swift in Sources */ = {isa = PBXBuildFile; fileRef = 8FF1C0E52A4DB8EF0033DCBE /* HomeView.swift */; };
		8FF1C0F32A4E4A930033DCBE /* View+Extensions.swift in Sources */ = {isa = PBXBuildFile; fileRef = 8FF1C0F22A4E4A930033DCBE /* View+Extensions.swift */; };
		8FF1C0F82A4E4B4F0033DCBE /* RoundedButton.swift in Sources */ = {isa = PBXBuildFile; fileRef = 8FF1C0F72A4E4B4F0033DCBE /* RoundedButton.swift */; };
		8FFFAC512A506E56001246DA /* StepperView.swift in Sources */ = {isa = PBXBuildFile; fileRef = 8FFFAC502A506E56001246DA /* StepperView.swift */; };
		8FFFAC532A508F06001246DA /* CreationAccountViewModel.swift in Sources */ = {isa = PBXBuildFile; fileRef = 8FFFAC522A508F06001246DA /* CreationAccountViewModel.swift */; };
/* End PBXBuildFile section */

/* Begin PBXFileReference section */
		8F08C9B12A4D8D10001CCD82 /* hoops-connect-app.app */ = {isa = PBXFileReference; explicitFileType = wrapper.application; includeInIndex = 0; path = "hoops-connect-app.app"; sourceTree = BUILT_PRODUCTS_DIR; };
		8F08C9B42A4D8D10001CCD82 /* HoopsConnectApp.swift */ = {isa = PBXFileReference; lastKnownFileType = sourcecode.swift; path = HoopsConnectApp.swift; sourceTree = "<group>"; };
		8F08C9B62A4D8D10001CCD82 /* SplashScreen.swift */ = {isa = PBXFileReference; lastKnownFileType = sourcecode.swift; path = SplashScreen.swift; sourceTree = "<group>"; };
		8F08C9B82A4D8D11001CCD82 /* Assets.xcassets */ = {isa = PBXFileReference; lastKnownFileType = folder.assetcatalog; path = Assets.xcassets; sourceTree = "<group>"; };
		8F08C9BB2A4D8D11001CCD82 /* Preview Assets.xcassets */ = {isa = PBXFileReference; lastKnownFileType = folder.assetcatalog; path = "Preview Assets.xcassets"; sourceTree = "<group>"; };
		8F6AD05B2A4F5F930025536A /* CreationAccountView.swift */ = {isa = PBXFileReference; lastKnownFileType = sourcecode.swift; path = CreationAccountView.swift; sourceTree = "<group>"; };
		8F6AD05D2A4F62F50025536A /* LoginAccountView.swift */ = {isa = PBXFileReference; lastKnownFileType = sourcecode.swift; path = LoginAccountView.swift; sourceTree = "<group>"; };
		8F6AD05F2A4F749D0025536A /* RoundedTextField.swift */ = {isa = PBXFileReference; lastKnownFileType = sourcecode.swift; path = RoundedTextField.swift; sourceTree = "<group>"; };
		8FE35E492A52B5ED00097C54 /* CustomAlert.swift */ = {isa = PBXFileReference; lastKnownFileType = sourcecode.swift; path = CustomAlert.swift; sourceTree = "<group>"; };
		8FE35E4B2A52BA5700097C54 /* SafeAreaInsets+EnvironmentValues.swift */ = {isa = PBXFileReference; lastKnownFileType = sourcecode.swift; path = "SafeAreaInsets+EnvironmentValues.swift"; sourceTree = "<group>"; };
		8FE35E4D2A52BDA800097C54 /* RoundedCorner+Shape.swift */ = {isa = PBXFileReference; lastKnownFileType = sourcecode.swift; path = "RoundedCorner+Shape.swift"; sourceTree = "<group>"; };
		8FE35E4F2A5309FA00097C54 /* LoginAccountViewModel.swift */ = {isa = PBXFileReference; lastKnownFileType = sourcecode.swift; path = LoginAccountViewModel.swift; sourceTree = "<group>"; };
		8FE35E552A535D5600097C54 /* UserService.swift */ = {isa = PBXFileReference; lastKnownFileType = sourcecode.swift; path = UserService.swift; sourceTree = "<group>"; };
		8FE35E6A2A53753500097C54 /* APIData.swift */ = {isa = PBXFileReference; lastKnownFileType = sourcecode.swift; path = APIData.swift; sourceTree = "<group>"; };
		8FE35E6C2A53759F00097C54 /* UserModel.swift */ = {isa = PBXFileReference; lastKnownFileType = sourcecode.swift; path = UserModel.swift; sourceTree = "<group>"; };
		8FE35E6F2A5375F500097C54 /* UserDTO.swift */ = {isa = PBXFileReference; lastKnownFileType = sourcecode.swift; path = UserDTO.swift; sourceTree = "<group>"; };
		8FE35E722A5376C300097C54 /* Network+Extensions.swift */ = {isa = PBXFileReference; lastKnownFileType = sourcecode.swift; path = "Network+Extensions.swift"; sourceTree = "<group>"; };
		8FE35E742A5376F300097C54 /* HTTPEndpoint.swift */ = {isa = PBXFileReference; lastKnownFileType = sourcecode.swift; path = HTTPEndpoint.swift; sourceTree = "<group>"; };
		8FF1C0C72A4DAF9E0033DCBE /* FirebaseProvider.swift */ = {isa = PBXFileReference; lastKnownFileType = sourcecode.swift; path = FirebaseProvider.swift; sourceTree = "<group>"; };
		8FF1C0CC2A4DB0330033DCBE /* FirebaseManager.swift */ = {isa = PBXFileReference; lastKnownFileType = sourcecode.swift; path = FirebaseManager.swift; sourceTree = "<group>"; };
		8FF1C0D02A4DB1CE0033DCBE /* GoogleService-Info.plist */ = {isa = PBXFileReference; fileEncoding = 4; lastKnownFileType = text.plist.xml; path = "GoogleService-Info.plist"; sourceTree = "<group>"; };
		8FF1C0D22A4DB2440033DCBE /* ApplicationState.swift */ = {isa = PBXFileReference; lastKnownFileType = sourcecode.swift; path = ApplicationState.swift; sourceTree = "<group>"; };
		8FF1C0D92A4DB36E0033DCBE /* APICallerError.swift */ = {isa = PBXFileReference; lastKnownFileType = sourcecode.swift; path = APICallerError.swift; sourceTree = "<group>"; };
		8FF1C0DB2A4DB4990033DCBE /* UserFirebaseModel.swift */ = {isa = PBXFileReference; lastKnownFileType = sourcecode.swift; path = UserFirebaseModel.swift; sourceTree = "<group>"; };
		8FF1C0DD2A4DB5E70033DCBE /* UserCreationError.swift */ = {isa = PBXFileReference; lastKnownFileType = sourcecode.swift; path = UserCreationError.swift; sourceTree = "<group>"; };
		8FF1C0E22A4DB8CA0033DCBE /* AuthenticationView.swift */ = {isa = PBXFileReference; lastKnownFileType = sourcecode.swift; path = AuthenticationView.swift; sourceTree = "<group>"; };
		8FF1C0E52A4DB8EF0033DCBE /* HomeView.swift */ = {isa = PBXFileReference; lastKnownFileType = sourcecode.swift; path = HomeView.swift; sourceTree = "<group>"; };
		8FF1C0F22A4E4A930033DCBE /* View+Extensions.swift */ = {isa = PBXFileReference; lastKnownFileType = sourcecode.swift; path = "View+Extensions.swift"; sourceTree = "<group>"; };
		8FF1C0F72A4E4B4F0033DCBE /* RoundedButton.swift */ = {isa = PBXFileReference; lastKnownFileType = sourcecode.swift; path = RoundedButton.swift; sourceTree = "<group>"; };
		8FFFAC502A506E56001246DA /* StepperView.swift */ = {isa = PBXFileReference; lastKnownFileType = sourcecode.swift; path = StepperView.swift; sourceTree = "<group>"; };
		8FFFAC522A508F06001246DA /* CreationAccountViewModel.swift */ = {isa = PBXFileReference; lastKnownFileType = sourcecode.swift; path = CreationAccountViewModel.swift; sourceTree = "<group>"; };
/* End PBXFileReference section */

/* Begin PBXFrameworksBuildPhase section */
		8F08C9AE2A4D8D10001CCD82 /* Frameworks */ = {
			isa = PBXFrameworksBuildPhase;
			buildActionMask = 2147483647;
			files = (
				8FF1C0CB2A4DAFFF0033DCBE /* FirebaseAuth in Frameworks */,
				8FE35E682A53663100097C54 /* RetroSwift in Frameworks */,
				8FF1C0D62A4DB2E60033DCBE /* netfox in Frameworks */,
			);
			runOnlyForDeploymentPostprocessing = 0;
		};
/* End PBXFrameworksBuildPhase section */

/* Begin PBXGroup section */
		8F08C9A82A4D8D10001CCD82 = {
			isa = PBXGroup;
			children = (
				8F08C9B32A4D8D10001CCD82 /* hoops-connect-app */,
				8F08C9B22A4D8D10001CCD82 /* Products */,
			);
			sourceTree = "<group>";
		};
		8F08C9B22A4D8D10001CCD82 /* Products */ = {
			isa = PBXGroup;
			children = (
				8F08C9B12A4D8D10001CCD82 /* hoops-connect-app.app */,
			);
			name = Products;
			sourceTree = "<group>";
		};
		8F08C9B32A4D8D10001CCD82 /* hoops-connect-app */ = {
			isa = PBXGroup;
			children = (
				8F08C9C42A4D8DF4001CCD82 /* Models */,
				8FE35E6E2A5375E300097C54 /* DTO */,
				8F08C9C32A4D8DD8001CCD82 /* Services */,
				8F08C9C62A4D8E28001CCD82 /* Applications */,
				8F08C9C52A4D8E00001CCD82 /* Views */,
				8FF1C0D72A4DB3490033DCBE /* Additions */,
				8F08C9BA2A4D8D11001CCD82 /* Preview Content */,
			);
			path = "hoops-connect-app";
			sourceTree = "<group>";
		};
		8F08C9BA2A4D8D11001CCD82 /* Preview Content */ = {
			isa = PBXGroup;
			children = (
				8F08C9BB2A4D8D11001CCD82 /* Preview Assets.xcassets */,
			);
			path = "Preview Content";
			sourceTree = "<group>";
		};
		8F08C9C22A4D8DC9001CCD82 /* Utils */ = {
			isa = PBXGroup;
			children = (
				8FE35E4B2A52BA5700097C54 /* SafeAreaInsets+EnvironmentValues.swift */,
				8FE35E4D2A52BDA800097C54 /* RoundedCorner+Shape.swift */,
			);
			path = Utils;
			sourceTree = "<group>";
		};
		8F08C9C32A4D8DD8001CCD82 /* Services */ = {
			isa = PBXGroup;
			children = (
				8FF1C0C62A4DAF840033DCBE /* Authentication */,
				8FE35E552A535D5600097C54 /* UserService.swift */,
				8FE35E6A2A53753500097C54 /* APIData.swift */,
				8FE35E742A5376F300097C54 /* HTTPEndpoint.swift */,
			);
			path = Services;
			sourceTree = "<group>";
		};
		8F08C9C42A4D8DF4001CCD82 /* Models */ = {
			isa = PBXGroup;
			children = (
				8FF1C0DB2A4DB4990033DCBE /* UserFirebaseModel.swift */,
				8FE35E6C2A53759F00097C54 /* UserModel.swift */,
			);
			path = Models;
			sourceTree = "<group>";
		};
		8F08C9C52A4D8E00001CCD82 /* Views */ = {
			isa = PBXGroup;
			children = (
				8FF1C0E42A4DB8DD0033DCBE /* Home */,
				8FF1C0DF2A4DB8970033DCBE /* Authentication */,
			);
			path = Views;
			sourceTree = "<group>";
		};
		8F08C9C62A4D8E28001CCD82 /* Applications */ = {
			isa = PBXGroup;
			children = (
				8FF1C0D02A4DB1CE0033DCBE /* GoogleService-Info.plist */,
				8F08C9B42A4D8D10001CCD82 /* HoopsConnectApp.swift */,
				8FF1C0D22A4DB2440033DCBE /* ApplicationState.swift */,
				8F08C9B62A4D8D10001CCD82 /* SplashScreen.swift */,
				8F08C9B82A4D8D11001CCD82 /* Assets.xcassets */,
			);
			path = Applications;
			sourceTree = "<group>";
		};
		8FE35E512A5327EE00097C54 /* Login */ = {
			isa = PBXGroup;
			children = (
				8F6AD05D2A4F62F50025536A /* LoginAccountView.swift */,
				8FE35E4F2A5309FA00097C54 /* LoginAccountViewModel.swift */,
			);
			path = Login;
			sourceTree = "<group>";
		};
		8FE35E6E2A5375E300097C54 /* DTO */ = {
			isa = PBXGroup;
			children = (
				8FE35E6F2A5375F500097C54 /* UserDTO.swift */,
			);
			path = DTO;
			sourceTree = "<group>";
		};
		8FE35E712A5376A600097C54 /* Extensions */ = {
			isa = PBXGroup;
			children = (
				8FF1C0F22A4E4A930033DCBE /* View+Extensions.swift */,
				8FE35E722A5376C300097C54 /* Network+Extensions.swift */,
			);
			path = Extensions;
			sourceTree = "<group>";
		};
		8FF1C0C62A4DAF840033DCBE /* Authentication */ = {
			isa = PBXGroup;
			children = (
				8FF1C0C72A4DAF9E0033DCBE /* FirebaseProvider.swift */,
				8FF1C0CC2A4DB0330033DCBE /* FirebaseManager.swift */,
			);
			path = Authentication;
			sourceTree = "<group>";
		};
		8FF1C0D72A4DB3490033DCBE /* Additions */ = {
			isa = PBXGroup;
			children = (
				8FE35E712A5376A600097C54 /* Extensions */,
				8FF1C0F42A4E4B0C0033DCBE /* Components */,
				8FF1C0D82A4DB3590033DCBE /* Enum */,
				8F08C9C22A4D8DC9001CCD82 /* Utils */,
			);
			path = Additions;
			sourceTree = "<group>";
		};
		8FF1C0D82A4DB3590033DCBE /* Enum */ = {
			isa = PBXGroup;
			children = (
				8FF1C0D92A4DB36E0033DCBE /* APICallerError.swift */,
				8FF1C0DD2A4DB5E70033DCBE /* UserCreationError.swift */,
			);
			path = Enum;
			sourceTree = "<group>";
		};
		8FF1C0DF2A4DB8970033DCBE /* Authentication */ = {
			isa = PBXGroup;
			children = (
				8FE35E512A5327EE00097C54 /* Login */,
				8FF1C0E22A4DB8CA0033DCBE /* AuthenticationView.swift */,
				8F6AD05B2A4F5F930025536A /* CreationAccountView.swift */,
				8FFFAC522A508F06001246DA /* CreationAccountViewModel.swift */,
			);
			path = Authentication;
			sourceTree = "<group>";
		};
		8FF1C0E42A4DB8DD0033DCBE /* Home */ = {
			isa = PBXGroup;
			children = (
				8FF1C0E52A4DB8EF0033DCBE /* HomeView.swift */,
			);
			path = Home;
			sourceTree = "<group>";
		};
		8FF1C0F42A4E4B0C0033DCBE /* Components */ = {
			isa = PBXGroup;
			children = (
				8FF1C0F72A4E4B4F0033DCBE /* RoundedButton.swift */,
				8F6AD05F2A4F749D0025536A /* RoundedTextField.swift */,
				8FFFAC502A506E56001246DA /* StepperView.swift */,
				8FE35E492A52B5ED00097C54 /* CustomAlert.swift */,
			);
			path = Components;
			sourceTree = "<group>";
		};
/* End PBXGroup section */

/* Begin PBXNativeTarget section */
		8F08C9B02A4D8D10001CCD82 /* hoops-connect-app */ = {
			isa = PBXNativeTarget;
			buildConfigurationList = 8F08C9BF2A4D8D11001CCD82 /* Build configuration list for PBXNativeTarget "hoops-connect-app" */;
			buildPhases = (
				8F08C9AD2A4D8D10001CCD82 /* Sources */,
				8F08C9AE2A4D8D10001CCD82 /* Frameworks */,
				8F08C9AF2A4D8D10001CCD82 /* Resources */,
			);
			buildRules = (
			);
			dependencies = (
				8FF1C0F02A4DBBB60033DCBE /* PBXTargetDependency */,
			);
			name = "hoops-connect-app";
			packageProductDependencies = (
				8FF1C0CA2A4DAFFF0033DCBE /* FirebaseAuth */,
				8FF1C0D52A4DB2E60033DCBE /* netfox */,
				8FE35E672A53663100097C54 /* RetroSwift */,
			);
			productName = "hoops-connect-app";
			productReference = 8F08C9B12A4D8D10001CCD82 /* hoops-connect-app.app */;
			productType = "com.apple.product-type.application";
		};
/* End PBXNativeTarget section */

/* Begin PBXProject section */
		8F08C9A92A4D8D10001CCD82 /* Project object */ = {
			isa = PBXProject;
			attributes = {
				BuildIndependentTargetsInParallel = 1;
				LastSwiftUpdateCheck = 1410;
				LastUpgradeCheck = 1410;
				TargetAttributes = {
					8F08C9B02A4D8D10001CCD82 = {
						CreatedOnToolsVersion = 14.1;
					};
				};
			};
			buildConfigurationList = 8F08C9AC2A4D8D10001CCD82 /* Build configuration list for PBXProject "hoops-connect-app" */;
			compatibilityVersion = "Xcode 14.0";
			developmentRegion = en;
			hasScannedForEncodings = 0;
			knownRegions = (
				en,
				Base,
			);
			mainGroup = 8F08C9A82A4D8D10001CCD82;
			packageReferences = (
				8FF1C0C92A4DAFFF0033DCBE /* XCRemoteSwiftPackageReference "firebase-ios-sdk" */,
				8FF1C0D42A4DB2E60033DCBE /* XCRemoteSwiftPackageReference "netfox" */,
				8FE35E662A53663100097C54 /* XCRemoteSwiftPackageReference "RetroSwift" */,
			);
			productRefGroup = 8F08C9B22A4D8D10001CCD82 /* Products */;
			projectDirPath = "";
			projectRoot = "";
			targets = (
				8F08C9B02A4D8D10001CCD82 /* hoops-connect-app */,
			);
		};
/* End PBXProject section */

/* Begin PBXResourcesBuildPhase section */
		8F08C9AF2A4D8D10001CCD82 /* Resources */ = {
			isa = PBXResourcesBuildPhase;
			buildActionMask = 2147483647;
			files = (
				8F08C9BC2A4D8D11001CCD82 /* Preview Assets.xcassets in Resources */,
				8F08C9B92A4D8D11001CCD82 /* Assets.xcassets in Resources */,
				8FF1C0D12A4DB1CE0033DCBE /* GoogleService-Info.plist in Resources */,
			);
			runOnlyForDeploymentPostprocessing = 0;
		};
/* End PBXResourcesBuildPhase section */

/* Begin PBXSourcesBuildPhase section */
		8F08C9AD2A4D8D10001CCD82 /* Sources */ = {
			isa = PBXSourcesBuildPhase;
			buildActionMask = 2147483647;
			files = (
				8F6AD05E2A4F62F50025536A /* LoginAccountView.swift in Sources */,
				8FE35E752A5376F300097C54 /* HTTPEndpoint.swift in Sources */,
				8FF1C0DE2A4DB5E70033DCBE /* UserCreationError.swift in Sources */,
				8FFFAC532A508F06001246DA /* CreationAccountViewModel.swift in Sources */,
				8FE35E4A2A52B5ED00097C54 /* CustomAlert.swift in Sources */,
				8FE35E732A5376C300097C54 /* Network+Extensions.swift in Sources */,
				8FF1C0DA2A4DB36E0033DCBE /* APICallerError.swift in Sources */,
				8FF1C0F32A4E4A930033DCBE /* View+Extensions.swift in Sources */,
				8FE35E6B2A53753500097C54 /* APIData.swift in Sources */,
				8FF1C0E32A4DB8CA0033DCBE /* AuthenticationView.swift in Sources */,
				8FF1C0E62A4DB8EF0033DCBE /* HomeView.swift in Sources */,
				8FF1C0DC2A4DB4990033DCBE /* UserFirebaseModel.swift in Sources */,
				8FF1C0CD2A4DB0330033DCBE /* FirebaseManager.swift in Sources */,
				8F08C9B72A4D8D10001CCD82 /* SplashScreen.swift in Sources */,
				8FE35E502A5309FA00097C54 /* LoginAccountViewModel.swift in Sources */,
				8FE35E702A5375F500097C54 /* UserDTO.swift in Sources */,
				8FF1C0F82A4E4B4F0033DCBE /* RoundedButton.swift in Sources */,
				8FE35E4E2A52BDA800097C54 /* RoundedCorner+Shape.swift in Sources */,
				8FFFAC512A506E56001246DA /* StepperView.swift in Sources */,
				8FF1C0D32A4DB2440033DCBE /* ApplicationState.swift in Sources */,
				8F6AD05C2A4F5F930025536A /* CreationAccountView.swift in Sources */,
				8FE35E562A535D5600097C54 /* UserService.swift in Sources */,
				8FF1C0C82A4DAF9E0033DCBE /* FirebaseProvider.swift in Sources */,
				8FE35E6D2A53759F00097C54 /* UserModel.swift in Sources */,
				8F6AD0602A4F749D0025536A /* RoundedTextField.swift in Sources */,
				8FE35E4C2A52BA5700097C54 /* SafeAreaInsets+EnvironmentValues.swift in Sources */,
				8F08C9B52A4D8D10001CCD82 /* HoopsConnectApp.swift in Sources */,
			);
			runOnlyForDeploymentPostprocessing = 0;
		};
/* End PBXSourcesBuildPhase section */

/* Begin PBXTargetDependency section */
		8FF1C0F02A4DBBB60033DCBE /* PBXTargetDependency */ = {
			isa = PBXTargetDependency;
			productRef = 8FF1C0EF2A4DBBB60033DCBE /* SwiftLintPlugin */;
		};
/* End PBXTargetDependency section */

/* Begin XCBuildConfiguration section */
		8F08C9BD2A4D8D11001CCD82 /* Debug */ = {
			isa = XCBuildConfiguration;
			buildSettings = {
				ALWAYS_SEARCH_USER_PATHS = NO;
				CLANG_ANALYZER_NONNULL = YES;
				CLANG_ANALYZER_NUMBER_OBJECT_CONVERSION = YES_AGGRESSIVE;
				CLANG_CXX_LANGUAGE_STANDARD = "gnu++20";
				CLANG_ENABLE_MODULES = YES;
				CLANG_ENABLE_OBJC_ARC = YES;
				CLANG_ENABLE_OBJC_WEAK = YES;
				CLANG_WARN_BLOCK_CAPTURE_AUTORELEASING = YES;
				CLANG_WARN_BOOL_CONVERSION = YES;
				CLANG_WARN_COMMA = YES;
				CLANG_WARN_CONSTANT_CONVERSION = YES;
				CLANG_WARN_DEPRECATED_OBJC_IMPLEMENTATIONS = YES;
				CLANG_WARN_DIRECT_OBJC_ISA_USAGE = YES_ERROR;
				CLANG_WARN_DOCUMENTATION_COMMENTS = YES;
				CLANG_WARN_EMPTY_BODY = YES;
				CLANG_WARN_ENUM_CONVERSION = YES;
				CLANG_WARN_INFINITE_RECURSION = YES;
				CLANG_WARN_INT_CONVERSION = YES;
				CLANG_WARN_NON_LITERAL_NULL_CONVERSION = YES;
				CLANG_WARN_OBJC_IMPLICIT_RETAIN_SELF = YES;
				CLANG_WARN_OBJC_LITERAL_CONVERSION = YES;
				CLANG_WARN_OBJC_ROOT_CLASS = YES_ERROR;
				CLANG_WARN_QUOTED_INCLUDE_IN_FRAMEWORK_HEADER = YES;
				CLANG_WARN_RANGE_LOOP_ANALYSIS = YES;
				CLANG_WARN_STRICT_PROTOTYPES = YES;
				CLANG_WARN_SUSPICIOUS_MOVE = YES;
				CLANG_WARN_UNGUARDED_AVAILABILITY = YES_AGGRESSIVE;
				CLANG_WARN_UNREACHABLE_CODE = YES;
				CLANG_WARN__DUPLICATE_METHOD_MATCH = YES;
				COPY_PHASE_STRIP = NO;
				DEBUG_INFORMATION_FORMAT = dwarf;
				ENABLE_STRICT_OBJC_MSGSEND = YES;
				ENABLE_TESTABILITY = YES;
				GCC_C_LANGUAGE_STANDARD = gnu11;
				GCC_DYNAMIC_NO_PIC = NO;
				GCC_NO_COMMON_BLOCKS = YES;
				GCC_OPTIMIZATION_LEVEL = 0;
				GCC_PREPROCESSOR_DEFINITIONS = (
					"DEBUG=1",
					"$(inherited)",
				);
				GCC_WARN_64_TO_32_BIT_CONVERSION = YES;
				GCC_WARN_ABOUT_RETURN_TYPE = YES_ERROR;
				GCC_WARN_UNDECLARED_SELECTOR = YES;
				GCC_WARN_UNINITIALIZED_AUTOS = YES_AGGRESSIVE;
				GCC_WARN_UNUSED_FUNCTION = YES;
				GCC_WARN_UNUSED_VARIABLE = YES;
				IPHONEOS_DEPLOYMENT_TARGET = 16.1;
				MTL_ENABLE_DEBUG_INFO = INCLUDE_SOURCE;
				MTL_FAST_MATH = YES;
				ONLY_ACTIVE_ARCH = YES;
				SDKROOT = iphoneos;
				SWIFT_ACTIVE_COMPILATION_CONDITIONS = DEBUG;
				SWIFT_OPTIMIZATION_LEVEL = "-Onone";
			};
			name = Debug;
		};
		8F08C9BE2A4D8D11001CCD82 /* Release */ = {
			isa = XCBuildConfiguration;
			buildSettings = {
				ALWAYS_SEARCH_USER_PATHS = NO;
				CLANG_ANALYZER_NONNULL = YES;
				CLANG_ANALYZER_NUMBER_OBJECT_CONVERSION = YES_AGGRESSIVE;
				CLANG_CXX_LANGUAGE_STANDARD = "gnu++20";
				CLANG_ENABLE_MODULES = YES;
				CLANG_ENABLE_OBJC_ARC = YES;
				CLANG_ENABLE_OBJC_WEAK = YES;
				CLANG_WARN_BLOCK_CAPTURE_AUTORELEASING = YES;
				CLANG_WARN_BOOL_CONVERSION = YES;
				CLANG_WARN_COMMA = YES;
				CLANG_WARN_CONSTANT_CONVERSION = YES;
				CLANG_WARN_DEPRECATED_OBJC_IMPLEMENTATIONS = YES;
				CLANG_WARN_DIRECT_OBJC_ISA_USAGE = YES_ERROR;
				CLANG_WARN_DOCUMENTATION_COMMENTS = YES;
				CLANG_WARN_EMPTY_BODY = YES;
				CLANG_WARN_ENUM_CONVERSION = YES;
				CLANG_WARN_INFINITE_RECURSION = YES;
				CLANG_WARN_INT_CONVERSION = YES;
				CLANG_WARN_NON_LITERAL_NULL_CONVERSION = YES;
				CLANG_WARN_OBJC_IMPLICIT_RETAIN_SELF = YES;
				CLANG_WARN_OBJC_LITERAL_CONVERSION = YES;
				CLANG_WARN_OBJC_ROOT_CLASS = YES_ERROR;
				CLANG_WARN_QUOTED_INCLUDE_IN_FRAMEWORK_HEADER = YES;
				CLANG_WARN_RANGE_LOOP_ANALYSIS = YES;
				CLANG_WARN_STRICT_PROTOTYPES = YES;
				CLANG_WARN_SUSPICIOUS_MOVE = YES;
				CLANG_WARN_UNGUARDED_AVAILABILITY = YES_AGGRESSIVE;
				CLANG_WARN_UNREACHABLE_CODE = YES;
				CLANG_WARN__DUPLICATE_METHOD_MATCH = YES;
				COPY_PHASE_STRIP = NO;
				DEBUG_INFORMATION_FORMAT = "dwarf-with-dsym";
				ENABLE_NS_ASSERTIONS = NO;
				ENABLE_STRICT_OBJC_MSGSEND = YES;
				GCC_C_LANGUAGE_STANDARD = gnu11;
				GCC_NO_COMMON_BLOCKS = YES;
				GCC_WARN_64_TO_32_BIT_CONVERSION = YES;
				GCC_WARN_ABOUT_RETURN_TYPE = YES_ERROR;
				GCC_WARN_UNDECLARED_SELECTOR = YES;
				GCC_WARN_UNINITIALIZED_AUTOS = YES_AGGRESSIVE;
				GCC_WARN_UNUSED_FUNCTION = YES;
				GCC_WARN_UNUSED_VARIABLE = YES;
				IPHONEOS_DEPLOYMENT_TARGET = 16.1;
				MTL_ENABLE_DEBUG_INFO = NO;
				MTL_FAST_MATH = YES;
				SDKROOT = iphoneos;
				SWIFT_COMPILATION_MODE = wholemodule;
				SWIFT_OPTIMIZATION_LEVEL = "-O";
				VALIDATE_PRODUCT = YES;
			};
			name = Release;
		};
		8F08C9C02A4D8D11001CCD82 /* Debug */ = {
			isa = XCBuildConfiguration;
			buildSettings = {
				ASSETCATALOG_COMPILER_APPICON_NAME = AppIcon;
				ASSETCATALOG_COMPILER_GLOBAL_ACCENT_COLOR_NAME = AccentColor;
				CODE_SIGN_STYLE = Automatic;
				CURRENT_PROJECT_VERSION = 1;
				DEVELOPMENT_ASSET_PATHS = "\"hoops-connect-app/Preview Content\"";
				DEVELOPMENT_TEAM = V89TG33T3A;
				ENABLE_PREVIEWS = YES;
				GENERATE_INFOPLIST_FILE = YES;
				INFOPLIST_KEY_UIApplicationSceneManifest_Generation = YES;
				INFOPLIST_KEY_UIApplicationSupportsIndirectInputEvents = YES;
				INFOPLIST_KEY_UILaunchScreen_Generation = YES;
				INFOPLIST_KEY_UISupportedInterfaceOrientations_iPad = "UIInterfaceOrientationPortrait UIInterfaceOrientationPortraitUpsideDown UIInterfaceOrientationLandscapeLeft UIInterfaceOrientationLandscapeRight";
				INFOPLIST_KEY_UISupportedInterfaceOrientations_iPhone = "UIInterfaceOrientationPortrait UIInterfaceOrientationLandscapeLeft UIInterfaceOrientationLandscapeRight";
				LD_RUNPATH_SEARCH_PATHS = (
					"$(inherited)",
					"@executable_path/Frameworks",
				);
				MARKETING_VERSION = 1.0;
				PRODUCT_BUNDLE_IDENTIFIER = "com.organization.hoops-connect-app";
				PRODUCT_NAME = "$(TARGET_NAME)";
				SWIFT_EMIT_LOC_STRINGS = YES;
				SWIFT_VERSION = 5.0;
				TARGETED_DEVICE_FAMILY = "1,2";
			};
			name = Debug;
		};
		8F08C9C12A4D8D11001CCD82 /* Release */ = {
			isa = XCBuildConfiguration;
			buildSettings = {
				ASSETCATALOG_COMPILER_APPICON_NAME = AppIcon;
				ASSETCATALOG_COMPILER_GLOBAL_ACCENT_COLOR_NAME = AccentColor;
				CODE_SIGN_STYLE = Automatic;
				CURRENT_PROJECT_VERSION = 1;
				DEVELOPMENT_ASSET_PATHS = "\"hoops-connect-app/Preview Content\"";
				DEVELOPMENT_TEAM = V89TG33T3A;
				ENABLE_PREVIEWS = YES;
				GENERATE_INFOPLIST_FILE = YES;
				INFOPLIST_KEY_UIApplicationSceneManifest_Generation = YES;
				INFOPLIST_KEY_UIApplicationSupportsIndirectInputEvents = YES;
				INFOPLIST_KEY_UILaunchScreen_Generation = YES;
				INFOPLIST_KEY_UISupportedInterfaceOrientations_iPad = "UIInterfaceOrientationPortrait UIInterfaceOrientationPortraitUpsideDown UIInterfaceOrientationLandscapeLeft UIInterfaceOrientationLandscapeRight";
				INFOPLIST_KEY_UISupportedInterfaceOrientations_iPhone = "UIInterfaceOrientationPortrait UIInterfaceOrientationLandscapeLeft UIInterfaceOrientationLandscapeRight";
				LD_RUNPATH_SEARCH_PATHS = (
					"$(inherited)",
					"@executable_path/Frameworks",
				);
				MARKETING_VERSION = 1.0;
				PRODUCT_BUNDLE_IDENTIFIER = "com.organization.hoops-connect-app";
				PRODUCT_NAME = "$(TARGET_NAME)";
				SWIFT_EMIT_LOC_STRINGS = YES;
				SWIFT_VERSION = 5.0;
				TARGETED_DEVICE_FAMILY = "1,2";
			};
			name = Release;
		};
/* End XCBuildConfiguration section */

/* Begin XCConfigurationList section */
		8F08C9AC2A4D8D10001CCD82 /* Build configuration list for PBXProject "hoops-connect-app" */ = {
			isa = XCConfigurationList;
			buildConfigurations = (
				8F08C9BD2A4D8D11001CCD82 /* Debug */,
				8F08C9BE2A4D8D11001CCD82 /* Release */,
			);
			defaultConfigurationIsVisible = 0;
			defaultConfigurationName = Release;
		};
		8F08C9BF2A4D8D11001CCD82 /* Build configuration list for PBXNativeTarget "hoops-connect-app" */ = {
			isa = XCConfigurationList;
			buildConfigurations = (
				8F08C9C02A4D8D11001CCD82 /* Debug */,
				8F08C9C12A4D8D11001CCD82 /* Release */,
			);
			defaultConfigurationIsVisible = 0;
			defaultConfigurationName = Release;
		};
/* End XCConfigurationList section */

/* Begin XCRemoteSwiftPackageReference section */
		8FE35E662A53663100097C54 /* XCRemoteSwiftPackageReference "RetroSwift" */ = {
			isa = XCRemoteSwiftPackageReference;
			repositoryURL = "https://github.com/MaxenceMottard/RetroSwift.git";
			requirement = {
				kind = revision;
				revision = 5a6206c02eb397dc5ed5422a9f6d8bd8aa070867;
			};
		};
		8FF1C0C92A4DAFFF0033DCBE /* XCRemoteSwiftPackageReference "firebase-ios-sdk" */ = {
			isa = XCRemoteSwiftPackageReference;
			repositoryURL = "https://github.com/firebase/firebase-ios-sdk";
			requirement = {
				kind = upToNextMajorVersion;
				minimumVersion = 10.11.0;
			};
		};
		8FF1C0D42A4DB2E60033DCBE /* XCRemoteSwiftPackageReference "netfox" */ = {
			isa = XCRemoteSwiftPackageReference;
			repositoryURL = "https://github.com/kasketis/netfox";
			requirement = {
				kind = upToNextMajorVersion;
				minimumVersion = 1.21.0;
			};
		};
		8FF1C0EE2A4DBB980033DCBE /* XCRemoteSwiftPackageReference "SwiftLint" */ = {
			isa = XCRemoteSwiftPackageReference;
			repositoryURL = "https://github.com/realm/SwiftLint.git";
			requirement = {
				kind = upToNextMajorVersion;
				minimumVersion = 0.52.3;
			};
		};
/* End XCRemoteSwiftPackageReference section */

/* Begin XCSwiftPackageProductDependency section */
		8FE35E672A53663100097C54 /* RetroSwift */ = {
			isa = XCSwiftPackageProductDependency;
			package = 8FE35E662A53663100097C54 /* XCRemoteSwiftPackageReference "RetroSwift" */;
			productName = RetroSwift;
		};
		8FF1C0CA2A4DAFFF0033DCBE /* FirebaseAuth */ = {
			isa = XCSwiftPackageProductDependency;
			package = 8FF1C0C92A4DAFFF0033DCBE /* XCRemoteSwiftPackageReference "firebase-ios-sdk" */;
			productName = FirebaseAuth;
		};
		8FF1C0D52A4DB2E60033DCBE /* netfox */ = {
			isa = XCSwiftPackageProductDependency;
			package = 8FF1C0D42A4DB2E60033DCBE /* XCRemoteSwiftPackageReference "netfox" */;
			productName = netfox;
		};
		8FF1C0EF2A4DBBB60033DCBE /* SwiftLintPlugin */ = {
			isa = XCSwiftPackageProductDependency;
			package = 8FF1C0EE2A4DBB980033DCBE /* XCRemoteSwiftPackageReference "SwiftLint" */;
			productName = "plugin:SwiftLintPlugin";
		};
/* End XCSwiftPackageProductDependency section */
	};
	rootObject = 8F08C9A92A4D8D10001CCD82 /* Project object */;
}
